// !$*UTF8*$!
{
	archiveVersion = 1;
	classes = {
	};
	objectVersion = 56;
	objects = {

/* Begin PBXBuildFile section */
		AB0EABD229B09AD10052EA6F /* AppDelegate.swift in Sources */ = {isa = PBXBuildFile; fileRef = AB0EABD129B09AD10052EA6F /* AppDelegate.swift */; };
		AB0EABD429B09AD10052EA6F /* SceneDelegate.swift in Sources */ = {isa = PBXBuildFile; fileRef = AB0EABD329B09AD10052EA6F /* SceneDelegate.swift */; };
		AB0EABD629B09AD10052EA6F /* MainTabBarViewController.swift in Sources */ = {isa = PBXBuildFile; fileRef = AB0EABD529B09AD10052EA6F /* MainTabBarViewController.swift */; };
		AB0EABDB29B09AD40052EA6F /* Assets.xcassets in Resources */ = {isa = PBXBuildFile; fileRef = AB0EABDA29B09AD40052EA6F /* Assets.xcassets */; };
		AB0EABDE29B09AD40052EA6F /* LaunchScreen.storyboard in Resources */ = {isa = PBXBuildFile; fileRef = AB0EABDC29B09AD40052EA6F /* LaunchScreen.storyboard */; };
		AB0EABE729B0A99B0052EA6F /* HomeViewController.swift in Sources */ = {isa = PBXBuildFile; fileRef = AB0EABE629B0A99B0052EA6F /* HomeViewController.swift */; };
		AB0EABE929B0A9E00052EA6F /* UpcomingViewController.swift in Sources */ = {isa = PBXBuildFile; fileRef = AB0EABE829B0A9E00052EA6F /* UpcomingViewController.swift */; };
		AB0EABEB29B0AA1C0052EA6F /* SearchViewController.swift in Sources */ = {isa = PBXBuildFile; fileRef = AB0EABEA29B0AA1C0052EA6F /* SearchViewController.swift */; };
		AB0EABED29B0AA3E0052EA6F /* DownloadsViewController.swift in Sources */ = {isa = PBXBuildFile; fileRef = AB0EABEC29B0AA3E0052EA6F /* DownloadsViewController.swift */; };
		AB0EABF429B0E60F0052EA6F /* CollectionViewTableViewCell.swift in Sources */ = {isa = PBXBuildFile; fileRef = AB0EABF329B0E60F0052EA6F /* CollectionViewTableViewCell.swift */; };
		AB0EABF829B0ED270052EA6F /* .gitadd.strings in Resources */ = {isa = PBXBuildFile; fileRef = AB0EABF729B0ED270052EA6F /* .gitadd.strings */; };
/* End PBXBuildFile section */

/* Begin PBXFileReference section */
		AB0EABCE29B09AD10052EA6F /* Netflix-Clone.app */ = {isa = PBXFileReference; explicitFileType = wrapper.application; includeInIndex = 0; path = "Netflix-Clone.app"; sourceTree = BUILT_PRODUCTS_DIR; };
		AB0EABD129B09AD10052EA6F /* AppDelegate.swift */ = {isa = PBXFileReference; lastKnownFileType = sourcecode.swift; path = AppDelegate.swift; sourceTree = "<group>"; };
		AB0EABD329B09AD10052EA6F /* SceneDelegate.swift */ = {isa = PBXFileReference; lastKnownFileType = sourcecode.swift; path = SceneDelegate.swift; sourceTree = "<group>"; };
		AB0EABD529B09AD10052EA6F /* MainTabBarViewController.swift */ = {isa = PBXFileReference; lastKnownFileType = sourcecode.swift; path = MainTabBarViewController.swift; sourceTree = "<group>"; };
		AB0EABDA29B09AD40052EA6F /* Assets.xcassets */ = {isa = PBXFileReference; lastKnownFileType = folder.assetcatalog; path = Assets.xcassets; sourceTree = "<group>"; };
		AB0EABDD29B09AD40052EA6F /* Base */ = {isa = PBXFileReference; lastKnownFileType = file.storyboard; name = Base; path = Base.lproj/LaunchScreen.storyboard; sourceTree = "<group>"; };
		AB0EABDF29B09AD40052EA6F /* Info.plist */ = {isa = PBXFileReference; lastKnownFileType = text.plist.xml; path = Info.plist; sourceTree = "<group>"; };
		AB0EABE629B0A99B0052EA6F /* HomeViewController.swift */ = {isa = PBXFileReference; lastKnownFileType = sourcecode.swift; path = HomeViewController.swift; sourceTree = "<group>"; };
		AB0EABE829B0A9E00052EA6F /* UpcomingViewController.swift */ = {isa = PBXFileReference; lastKnownFileType = sourcecode.swift; path = UpcomingViewController.swift; sourceTree = "<group>"; };
		AB0EABEA29B0AA1C0052EA6F /* SearchViewController.swift */ = {isa = PBXFileReference; lastKnownFileType = sourcecode.swift; path = SearchViewController.swift; sourceTree = "<group>"; };
		AB0EABEC29B0AA3E0052EA6F /* DownloadsViewController.swift */ = {isa = PBXFileReference; lastKnownFileType = sourcecode.swift; path = DownloadsViewController.swift; sourceTree = "<group>"; };
		AB0EABF329B0E60F0052EA6F /* CollectionViewTableViewCell.swift */ = {isa = PBXFileReference; lastKnownFileType = sourcecode.swift; path = CollectionViewTableViewCell.swift; sourceTree = "<group>"; };
		AB0EABF729B0ED270052EA6F /* .gitadd.strings */ = {isa = PBXFileReference; lastKnownFileType = text.plist.strings; path = .gitadd.strings; sourceTree = "<group>"; };
/* End PBXFileReference section */

/* Begin PBXFrameworksBuildPhase section */
		AB0EABCB29B09AD10052EA6F /* Frameworks */ = {
			isa = PBXFrameworksBuildPhase;
			buildActionMask = 2147483647;
			files = (
			);
			runOnlyForDeploymentPostprocessing = 0;
		};
/* End PBXFrameworksBuildPhase section */

/* Begin PBXGroup section */
		AB0EABC529B09AD10052EA6F = {
			isa = PBXGroup;
			children = (
				AB0EABD029B09AD10052EA6F /* Netflix-Clone */,
				AB0EABCF29B09AD10052EA6F /* Products */,
			);
			sourceTree = "<group>";
		};
		AB0EABCF29B09AD10052EA6F /* Products */ = {
			isa = PBXGroup;
			children = (
				AB0EABCE29B09AD10052EA6F /* Netflix-Clone.app */,
			);
			name = Products;
			sourceTree = "<group>";
		};
		AB0EABD029B09AD10052EA6F /* Netflix-Clone */ = {
			isa = PBXGroup;
			children = (
				AB0EABF229B0E53C0052EA6F /* Managers */,
				AB0EABF129B0E5360052EA6F /* Resources */,
				AB0EABF029B0E4F60052EA6F /* Models */,
				AB0EABEE29B0E4510052EA6F /* Views */,
				AB0EABEF29B0E4570052EA6F /* ViewModels */,
				AB0EABE529B0A9850052EA6F /* Controllers */,
				AB0EABD129B09AD10052EA6F /* AppDelegate.swift */,
				AB0EABD329B09AD10052EA6F /* SceneDelegate.swift */,
				AB0EABD529B09AD10052EA6F /* MainTabBarViewController.swift */,
				AB0EABDA29B09AD40052EA6F /* Assets.xcassets */,
				AB0EABDC29B09AD40052EA6F /* LaunchScreen.storyboard */,
				AB0EABDF29B09AD40052EA6F /* Info.plist */,
			);
			path = "Netflix-Clone";
			sourceTree = "<group>";
		};
		AB0EABE529B0A9850052EA6F /* Controllers */ = {
			isa = PBXGroup;
			children = (
				AB0EABE629B0A99B0052EA6F /* HomeViewController.swift */,
				AB0EABE829B0A9E00052EA6F /* UpcomingViewController.swift */,
				AB0EABEA29B0AA1C0052EA6F /* SearchViewController.swift */,
				AB0EABEC29B0AA3E0052EA6F /* DownloadsViewController.swift */,
			);
			path = Controllers;
			sourceTree = "<group>";
		};
		AB0EABEE29B0E4510052EA6F /* Views */ = {
			isa = PBXGroup;
			children = (
				AB0EABF329B0E60F0052EA6F /* CollectionViewTableViewCell.swift */,
			);
			path = Views;
			sourceTree = "<group>";
		};
		AB0EABEF29B0E4570052EA6F /* ViewModels */ = {
			isa = PBXGroup;
			children = (
				AB0EABF729B0ED270052EA6F /* .gitadd.strings */,
			);
			path = ViewModels;
			sourceTree = "<group>";
		};
		AB0EABF029B0E4F60052EA6F /* Models */ = {
			isa = PBXGroup;
			children = (
			);
			path = Models;
			sourceTree = "<group>";
		};
		AB0EABF129B0E5360052EA6F /* Resources */ = {
			isa = PBXGroup;
			children = (
			);
			path = Resources;
			sourceTree = "<group>";
		};
		AB0EABF229B0E53C0052EA6F /* Managers */ = {
			isa = PBXGroup;
			children = (
			);
			path = Managers;
			sourceTree = "<group>";
		};
/* End PBXGroup section */

/* Begin PBXNativeTarget section */
		AB0EABCD29B09AD10052EA6F /* Netflix-Clone */ = {
			isa = PBXNativeTarget;
			buildConfigurationList = AB0EABE229B09AD40052EA6F /* Build configuration list for PBXNativeTarget "Netflix-Clone" */;
			buildPhases = (
				AB0EABCA29B09AD10052EA6F /* Sources */,
				AB0EABCB29B09AD10052EA6F /* Frameworks */,
				AB0EABCC29B09AD10052EA6F /* Resources */,
			);
			buildRules = (
			);
			dependencies = (
			);
			name = "Netflix-Clone";
			productName = "Netflix-Clone";
			productReference = AB0EABCE29B09AD10052EA6F /* Netflix-Clone.app */;
			productType = "com.apple.product-type.application";
		};
/* End PBXNativeTarget section */

/* Begin PBXProject section */
		AB0EABC629B09AD10052EA6F /* Project object */ = {
			isa = PBXProject;
			attributes = {
				BuildIndependentTargetsInParallel = 1;
				LastSwiftUpdateCheck = 1420;
				LastUpgradeCheck = 1420;
				TargetAttributes = {
					AB0EABCD29B09AD10052EA6F = {
						CreatedOnToolsVersion = 14.2;
					};
				};
			};
			buildConfigurationList = AB0EABC929B09AD10052EA6F /* Build configuration list for PBXProject "Netflix-Clone" */;
			compatibilityVersion = "Xcode 14.0";
			developmentRegion = en;
			hasScannedForEncodings = 0;
			knownRegions = (
				en,
				Base,
			);
			mainGroup = AB0EABC529B09AD10052EA6F;
			productRefGroup = AB0EABCF29B09AD10052EA6F /* Products */;
			projectDirPath = "";
			projectRoot = "";
			targets = (
				AB0EABCD29B09AD10052EA6F /* Netflix-Clone */,
			);
		};
/* End PBXProject section */

/* Begin PBXResourcesBuildPhase section */
		AB0EABCC29B09AD10052EA6F /* Resources */ = {
			isa = PBXResourcesBuildPhase;
			buildActionMask = 2147483647;
			files = (
				AB0EABDE29B09AD40052EA6F /* LaunchScreen.storyboard in Resources */,
				AB0EABF829B0ED270052EA6F /* .gitadd.strings in Resources */,
				AB0EABDB29B09AD40052EA6F /* Assets.xcassets in Resources */,
			);
			runOnlyForDeploymentPostprocessing = 0;
		};
/* End PBXResourcesBuildPhase section */

/* Begin PBXSourcesBuildPhase section */
		AB0EABCA29B09AD10052EA6F /* Sources */ = {
			isa = PBXSourcesBuildPhase;
			buildActionMask = 2147483647;
			files = (
				AB0EABEB29B0AA1C0052EA6F /* SearchViewController.swift in Sources */,
				AB0EABD629B09AD10052EA6F /* MainTabBarViewController.swift in Sources */,
				AB0EABF429B0E60F0052EA6F /* CollectionViewTableViewCell.swift in Sources */,
				AB0EABED29B0AA3E0052EA6F /* DownloadsViewController.swift in Sources */,
				AB0EABD229B09AD10052EA6F /* AppDelegate.swift in Sources */,
				AB0EABD429B09AD10052EA6F /* SceneDelegate.swift in Sources */,
				AB0EABE929B0A9E00052EA6F /* UpcomingViewController.swift in Sources */,
				AB0EABE729B0A99B0052EA6F /* HomeViewController.swift in Sources */,
			);
			runOnlyForDeploymentPostprocessing = 0;
		};
/* End PBXSourcesBuildPhase section */

/* Begin PBXVariantGroup section */
		AB0EABDC29B09AD40052EA6F /* LaunchScreen.storyboard */ = {
			isa = PBXVariantGroup;
			children = (
				AB0EABDD29B09AD40052EA6F /* Base */,
			);
			name = LaunchScreen.storyboard;
			sourceTree = "<group>";
		};
/* End PBXVariantGroup section */

/* Begin XCBuildConfiguration section */
		AB0EABE029B09AD40052EA6F /* Debug */ = {
			isa = XCBuildConfiguration;
			buildSettings = {
				ALWAYS_SEARCH_USER_PATHS = NO;
				CLANG_ANALYZER_NONNULL = YES;
				CLANG_ANALYZER_NUMBER_OBJECT_CONVERSION = YES_AGGRESSIVE;
				CLANG_CXX_LANGUAGE_STANDARD = "gnu++20";
				CLANG_ENABLE_MODULES = YES;
				CLANG_ENABLE_OBJC_ARC = YES;
				CLANG_ENABLE_OBJC_WEAK = YES;
				CLANG_WARN_BLOCK_CAPTURE_AUTORELEASING = YES;
				CLANG_WARN_BOOL_CONVERSION = YES;
				CLANG_WARN_COMMA = YES;
				CLANG_WARN_CONSTANT_CONVERSION = YES;
				CLANG_WARN_DEPRECATED_OBJC_IMPLEMENTATIONS = YES;
				CLANG_WARN_DIRECT_OBJC_ISA_USAGE = YES_ERROR;
				CLANG_WARN_DOCUMENTATION_COMMENTS = YES;
				CLANG_WARN_EMPTY_BODY = YES;
				CLANG_WARN_ENUM_CONVERSION = YES;
				CLANG_WARN_INFINITE_RECURSION = YES;
				CLANG_WARN_INT_CONVERSION = YES;
				CLANG_WARN_NON_LITERAL_NULL_CONVERSION = YES;
				CLANG_WARN_OBJC_IMPLICIT_RETAIN_SELF = YES;
				CLANG_WARN_OBJC_LITERAL_CONVERSION = YES;
				CLANG_WARN_OBJC_ROOT_CLASS = YES_ERROR;
				CLANG_WARN_QUOTED_INCLUDE_IN_FRAMEWORK_HEADER = YES;
				CLANG_WARN_RANGE_LOOP_ANALYSIS = YES;
				CLANG_WARN_STRICT_PROTOTYPES = YES;
				CLANG_WARN_SUSPICIOUS_MOVE = YES;
				CLANG_WARN_UNGUARDED_AVAILABILITY = YES_AGGRESSIVE;
				CLANG_WARN_UNREACHABLE_CODE = YES;
				CLANG_WARN__DUPLICATE_METHOD_MATCH = YES;
				COPY_PHASE_STRIP = NO;
				DEBUG_INFORMATION_FORMAT = dwarf;
				ENABLE_STRICT_OBJC_MSGSEND = YES;
				ENABLE_TESTABILITY = YES;
				GCC_C_LANGUAGE_STANDARD = gnu11;
				GCC_DYNAMIC_NO_PIC = NO;
				GCC_NO_COMMON_BLOCKS = YES;
				GCC_OPTIMIZATION_LEVEL = 0;
				GCC_PREPROCESSOR_DEFINITIONS = (
					"DEBUG=1",
					"$(inherited)",
				);
				GCC_WARN_64_TO_32_BIT_CONVERSION = YES;
				GCC_WARN_ABOUT_RETURN_TYPE = YES_ERROR;
				GCC_WARN_UNDECLARED_SELECTOR = YES;
				GCC_WARN_UNINITIALIZED_AUTOS = YES_AGGRESSIVE;
				GCC_WARN_UNUSED_FUNCTION = YES;
				GCC_WARN_UNUSED_VARIABLE = YES;
				IPHONEOS_DEPLOYMENT_TARGET = 13.0;
				MTL_ENABLE_DEBUG_INFO = INCLUDE_SOURCE;
				MTL_FAST_MATH = YES;
				ONLY_ACTIVE_ARCH = YES;
				SDKROOT = iphoneos;
				SWIFT_ACTIVE_COMPILATION_CONDITIONS = DEBUG;
				SWIFT_OPTIMIZATION_LEVEL = "-Onone";
			};
			name = Debug;
		};
		AB0EABE129B09AD40052EA6F /* Release */ = {
			isa = XCBuildConfiguration;
			buildSettings = {
				ALWAYS_SEARCH_USER_PATHS = NO;
				CLANG_ANALYZER_NONNULL = YES;
				CLANG_ANALYZER_NUMBER_OBJECT_CONVERSION = YES_AGGRESSIVE;
				CLANG_CXX_LANGUAGE_STANDARD = "gnu++20";
				CLANG_ENABLE_MODULES = YES;
				CLANG_ENABLE_OBJC_ARC = YES;
				CLANG_ENABLE_OBJC_WEAK = YES;
				CLANG_WARN_BLOCK_CAPTURE_AUTORELEASING = YES;
				CLANG_WARN_BOOL_CONVERSION = YES;
				CLANG_WARN_COMMA = YES;
				CLANG_WARN_CONSTANT_CONVERSION = YES;
				CLANG_WARN_DEPRECATED_OBJC_IMPLEMENTATIONS = YES;
				CLANG_WARN_DIRECT_OBJC_ISA_USAGE = YES_ERROR;
				CLANG_WARN_DOCUMENTATION_COMMENTS = YES;
				CLANG_WARN_EMPTY_BODY = YES;
				CLANG_WARN_ENUM_CONVERSION = YES;
				CLANG_WARN_INFINITE_RECURSION = YES;
				CLANG_WARN_INT_CONVERSION = YES;
				CLANG_WARN_NON_LITERAL_NULL_CONVERSION = YES;
				CLANG_WARN_OBJC_IMPLICIT_RETAIN_SELF = YES;
				CLANG_WARN_OBJC_LITERAL_CONVERSION = YES;
				CLANG_WARN_OBJC_ROOT_CLASS = YES_ERROR;
				CLANG_WARN_QUOTED_INCLUDE_IN_FRAMEWORK_HEADER = YES;
				CLANG_WARN_RANGE_LOOP_ANALYSIS = YES;
				CLANG_WARN_STRICT_PROTOTYPES = YES;
				CLANG_WARN_SUSPICIOUS_MOVE = YES;
				CLANG_WARN_UNGUARDED_AVAILABILITY = YES_AGGRESSIVE;
				CLANG_WARN_UNREACHABLE_CODE = YES;
				CLANG_WARN__DUPLICATE_METHOD_MATCH = YES;
				COPY_PHASE_STRIP = NO;
				DEBUG_INFORMATION_FORMAT = "dwarf-with-dsym";
				ENABLE_NS_ASSERTIONS = NO;
				ENABLE_STRICT_OBJC_MSGSEND = YES;
				GCC_C_LANGUAGE_STANDARD = gnu11;
				GCC_NO_COMMON_BLOCKS = YES;
				GCC_WARN_64_TO_32_BIT_CONVERSION = YES;
				GCC_WARN_ABOUT_RETURN_TYPE = YES_ERROR;
				GCC_WARN_UNDECLARED_SELECTOR = YES;
				GCC_WARN_UNINITIALIZED_AUTOS = YES_AGGRESSIVE;
				GCC_WARN_UNUSED_FUNCTION = YES;
				GCC_WARN_UNUSED_VARIABLE = YES;
				IPHONEOS_DEPLOYMENT_TARGET = 13.0;
				MTL_ENABLE_DEBUG_INFO = NO;
				MTL_FAST_MATH = YES;
				SDKROOT = iphoneos;
				SWIFT_COMPILATION_MODE = wholemodule;
				SWIFT_OPTIMIZATION_LEVEL = "-O";
				VALIDATE_PRODUCT = YES;
			};
			name = Release;
		};
		AB0EABE329B09AD40052EA6F /* Debug */ = {
			isa = XCBuildConfiguration;
			buildSettings = {
				ASSETCATALOG_COMPILER_APPICON_NAME = AppIcon;
				ASSETCATALOG_COMPILER_GLOBAL_ACCENT_COLOR_NAME = AccentColor;
				CODE_SIGN_STYLE = Automatic;
				CURRENT_PROJECT_VERSION = 1;
				DEVELOPMENT_TEAM = 78MJ3JMN9B;
				GENERATE_INFOPLIST_FILE = YES;
				INFOPLIST_FILE = "Netflix-Clone/Info.plist";
				INFOPLIST_KEY_UIApplicationSupportsIndirectInputEvents = YES;
				INFOPLIST_KEY_UILaunchStoryboardName = LaunchScreen;
				INFOPLIST_KEY_UISupportedInterfaceOrientations = UIInterfaceOrientationPortrait;
				IPHONEOS_DEPLOYMENT_TARGET = 13.0;
				LD_RUNPATH_SEARCH_PATHS = (
					"$(inherited)",
					"@executable_path/Frameworks",
				);
				MARKETING_VERSION = 1.0;
				PRODUCT_BUNDLE_IDENTIFIER = "com.psigaming.Netflix-Clone";
				PRODUCT_NAME = "$(TARGET_NAME)";
				SWIFT_EMIT_LOC_STRINGS = YES;
				SWIFT_VERSION = 5.0;
				TARGETED_DEVICE_FAMILY = "1,2";
			};
			name = Debug;
		};
		AB0EABE429B09AD40052EA6F /* Release */ = {
			isa = XCBuildConfiguration;
			buildSettings = {
				ASSETCATALOG_COMPILER_APPICON_NAME = AppIcon;
				ASSETCATALOG_COMPILER_GLOBAL_ACCENT_COLOR_NAME = AccentColor;
				CODE_SIGN_STYLE = Automatic;
				CURRENT_PROJECT_VERSION = 1;
				DEVELOPMENT_TEAM = 78MJ3JMN9B;
				GENERATE_INFOPLIST_FILE = YES;
				INFOPLIST_FILE = "Netflix-Clone/Info.plist";
				INFOPLIST_KEY_UIApplicationSupportsIndirectInputEvents = YES;
				INFOPLIST_KEY_UILaunchStoryboardName = LaunchScreen;
				INFOPLIST_KEY_UISupportedInterfaceOrientations = UIInterfaceOrientationPortrait;
				IPHONEOS_DEPLOYMENT_TARGET = 13.0;
				LD_RUNPATH_SEARCH_PATHS = (
					"$(inherited)",
					"@executable_path/Frameworks",
				);
				MARKETING_VERSION = 1.0;
				PRODUCT_BUNDLE_IDENTIFIER = "com.psigaming.Netflix-Clone";
				PRODUCT_NAME = "$(TARGET_NAME)";
				SWIFT_EMIT_LOC_STRINGS = YES;
				SWIFT_VERSION = 5.0;
				TARGETED_DEVICE_FAMILY = "1,2";
			};
			name = Release;
		};
/* End XCBuildConfiguration section */

/* Begin XCConfigurationList section */
		AB0EABC929B09AD10052EA6F /* Build configuration list for PBXProject "Netflix-Clone" */ = {
			isa = XCConfigurationList;
			buildConfigurations = (
				AB0EABE029B09AD40052EA6F /* Debug */,
				AB0EABE129B09AD40052EA6F /* Release */,
			);
			defaultConfigurationIsVisible = 0;
			defaultConfigurationName = Release;
		};
		AB0EABE229B09AD40052EA6F /* Build configuration list for PBXNativeTarget "Netflix-Clone" */ = {
			isa = XCConfigurationList;
			buildConfigurations = (
				AB0EABE329B09AD40052EA6F /* Debug */,
				AB0EABE429B09AD40052EA6F /* Release */,
			);
			defaultConfigurationIsVisible = 0;
			defaultConfigurationName = Release;
		};
/* End XCConfigurationList section */
	};
	rootObject = AB0EABC629B09AD10052EA6F /* Project object */;
}
